
Microsoft Visual Studio Solution File, Format Version 12.00
# Visual Studio Version 17
VisualStudioVersion = 17.3.32819.101
MinimumVisualStudioVersion = 10.0.40219.1
Project("{FAE04EC0-301F-11D3-BF4B-00C04F79EFBC}") = "SQLDataGrabber", "SQLDataGrabber\SQLDataGrabber.csproj", "{F72BDBE4-7337-4804-96D3-A1000A8CBA36}"
EndProject
Global
	GlobalSection(SolutionConfigurationPlatforms) = preSolution
		Debug|Any CPU = Debug|Any CPU
		Release|Any CPU = Release|Any CPU
	EndGlobalSection
	GlobalSection(ProjectConfigurationPlatforms) = postSolution
		{F72BDBE4-7337-4804-96D3-A1000A8CBA36}.Debug|Any CPU.ActiveCfg = Debug|Any CPU
		{F72BDBE4-7337-4804-96D3-A1000A8CBA36}.Debug|Any CPU.Build.0 = Debug|Any CPU
		{F72BDBE4-7337-4804-96D3-A1000A8CBA36}.Release|Any CPU.ActiveCfg = Release|Any CPU
		{F72BDBE4-7337-4804-96D3-A1000A8CBA36}.Release|Any CPU.Build.0 = Release|Any CPU
	EndGlobalSection
	GlobalSection(SolutionProperties) = preSolution
		HideSolutionNode = FALSE
	EndGlobalSection
	GlobalSection(ExtensibilityGlobals) = postSolution
		SolutionGuid = {CB597A13-912E-40B7-86A3-3B51CACB8C1B}
	EndGlobalSection
EndGlobal
